// !$*UTF8*$!
{
	archiveVersion = 1;
	classes = {
	};
	objectVersion = 77;
	objects = {

/* Begin PBXBuildFile section */
		20D3EC8E2D17EDB70096279E /* ConfettiSwiftUI in Frameworks */ = {isa = PBXBuildFile; productRef = 20D3EC8D2D17EDB70096279E /* ConfettiSwiftUI */; };
		20F6F4C22D154FCE006FEC81 /* Sauce in Frameworks */ = {isa = PBXBuildFile; productRef = 20F6F4C12D154FCE006FEC81 /* Sauce */; };
/* End PBXBuildFile section */

/* Begin PBXContainerItemProxy section */
		20141CBA2D0F52E700D0ED5D /* PBXContainerItemProxy */ = {
			isa = PBXContainerItemProxy;
			containerPortal = 20141CA02D0F52E500D0ED5D /* Project object */;
			proxyType = 1;
			remoteGlobalIDString = 20141CA72D0F52E500D0ED5D;
			remoteInfo = BabyKeyboardLock;
		};
		20141CC42D0F52E700D0ED5D /* PBXContainerItemProxy */ = {
			isa = PBXContainerItemProxy;
			containerPortal = 20141CA02D0F52E500D0ED5D /* Project object */;
			proxyType = 1;
			remoteGlobalIDString = 20141CA72D0F52E500D0ED5D;
			remoteInfo = BabyKeyboardLock;
		};
/* End PBXContainerItemProxy section */

/* Begin PBXFileReference section */
		20141CA82D0F52E500D0ED5D /* BabyKeyboardLock Debug.app */ = {isa = PBXFileReference; explicitFileType = wrapper.application; includeInIndex = 0; path = "BabyKeyboardLock Debug.app"; sourceTree = BUILT_PRODUCTS_DIR; };
		20141CB92D0F52E700D0ED5D /* BabyKeyboardLockTests.xctest */ = {isa = PBXFileReference; explicitFileType = wrapper.cfbundle; includeInIndex = 0; path = BabyKeyboardLockTests.xctest; sourceTree = BUILT_PRODUCTS_DIR; };
		20141CC32D0F52E700D0ED5D /* BabyKeyboardLockUITests Debug.xctest */ = {isa = PBXFileReference; explicitFileType = wrapper.cfbundle; includeInIndex = 0; path = "BabyKeyboardLockUITests Debug.xctest"; sourceTree = BUILT_PRODUCTS_DIR; };
/* End PBXFileReference section */

/* Begin PBXFileSystemSynchronizedRootGroup section */
		20141CAA2D0F52E500D0ED5D /* BabyKeyboardLock */ = {
			isa = PBXFileSystemSynchronizedRootGroup;
			path = BabyKeyboardLock;
			sourceTree = "<group>";
		};
		20141CBC2D0F52E700D0ED5D /* BabyKeyboardLockTests */ = {
			isa = PBXFileSystemSynchronizedRootGroup;
			path = BabyKeyboardLockTests;
			sourceTree = "<group>";
		};
		20141CC62D0F52E700D0ED5D /* BabyKeyboardLockUITests */ = {
			isa = PBXFileSystemSynchronizedRootGroup;
			path = BabyKeyboardLockUITests;
			sourceTree = "<group>";
		};
/* End PBXFileSystemSynchronizedRootGroup section */

/* Begin PBXFrameworksBuildPhase section */
		20141CA52D0F52E500D0ED5D /* Frameworks */ = {
			isa = PBXFrameworksBuildPhase;
			buildActionMask = 2147483647;
			files = (
				20D3EC8E2D17EDB70096279E /* ConfettiSwiftUI in Frameworks */,
				20F6F4C22D154FCE006FEC81 /* Sauce in Frameworks */,
			);
			runOnlyForDeploymentPostprocessing = 0;
		};
		20141CB62D0F52E700D0ED5D /* Frameworks */ = {
			isa = PBXFrameworksBuildPhase;
			buildActionMask = 2147483647;
			files = (
			);
			runOnlyForDeploymentPostprocessing = 0;
		};
		20141CC02D0F52E700D0ED5D /* Frameworks */ = {
			isa = PBXFrameworksBuildPhase;
			buildActionMask = 2147483647;
			files = (
			);
			runOnlyForDeploymentPostprocessing = 0;
		};
/* End PBXFrameworksBuildPhase section */

/* Begin PBXGroup section */
		20141C9F2D0F52E500D0ED5D = {
			isa = PBXGroup;
			children = (
				20141CAA2D0F52E500D0ED5D /* BabyKeyboardLock */,
				20141CBC2D0F52E700D0ED5D /* BabyKeyboardLockTests */,
				20141CC62D0F52E700D0ED5D /* BabyKeyboardLockUITests */,
				20141CA92D0F52E500D0ED5D /* Products */,
			);
			sourceTree = "<group>";
		};
		20141CA92D0F52E500D0ED5D /* Products */ = {
			isa = PBXGroup;
			children = (
				20141CA82D0F52E500D0ED5D /* BabyKeyboardLock Debug.app */,
				20141CB92D0F52E700D0ED5D /* BabyKeyboardLockTests.xctest */,
				20141CC32D0F52E700D0ED5D /* BabyKeyboardLockUITests Debug.xctest */,
			);
			name = Products;
			sourceTree = "<group>";
		};
/* End PBXGroup section */

/* Begin PBXNativeTarget section */
		20141CA72D0F52E500D0ED5D /* BabyKeyboardLock */ = {
			isa = PBXNativeTarget;
			buildConfigurationList = 20141CCD2D0F52E700D0ED5D /* Build configuration list for PBXNativeTarget "BabyKeyboardLock" */;
			buildPhases = (
				20141CA42D0F52E500D0ED5D /* Sources */,
				20141CA52D0F52E500D0ED5D /* Frameworks */,
				20141CA62D0F52E500D0ED5D /* Resources */,
			);
			buildRules = (
			);
			dependencies = (
			);
			fileSystemSynchronizedGroups = (
				20141CAA2D0F52E500D0ED5D /* BabyKeyboardLock */,
			);
			name = BabyKeyboardLock;
			packageProductDependencies = (
				20F6F4C12D154FCE006FEC81 /* Sauce */,
				20D3EC8D2D17EDB70096279E /* ConfettiSwiftUI */,
			);
			productName = BabyKeyboardLock;
			productReference = 20141CA82D0F52E500D0ED5D /* BabyKeyboardLock Debug.app */;
			productType = "com.apple.product-type.application";
		};
		20141CB82D0F52E700D0ED5D /* BabyKeyboardLockTests */ = {
			isa = PBXNativeTarget;
			buildConfigurationList = 20141CD02D0F52E700D0ED5D /* Build configuration list for PBXNativeTarget "BabyKeyboardLockTests" */;
			buildPhases = (
				20141CB52D0F52E700D0ED5D /* Sources */,
				20141CB62D0F52E700D0ED5D /* Frameworks */,
				20141CB72D0F52E700D0ED5D /* Resources */,
			);
			buildRules = (
			);
			dependencies = (
				20141CBB2D0F52E700D0ED5D /* PBXTargetDependency */,
			);
			fileSystemSynchronizedGroups = (
				20141CBC2D0F52E700D0ED5D /* BabyKeyboardLockTests */,
			);
			name = BabyKeyboardLockTests;
			packageProductDependencies = (
			);
			productName = BabyKeyboardLockTests;
			productReference = 20141CB92D0F52E700D0ED5D /* BabyKeyboardLockTests.xctest */;
			productType = "com.apple.product-type.bundle.unit-test";
		};
		20141CC22D0F52E700D0ED5D /* BabyKeyboardLockUITests */ = {
			isa = PBXNativeTarget;
			buildConfigurationList = 20141CD32D0F52E700D0ED5D /* Build configuration list for PBXNativeTarget "BabyKeyboardLockUITests" */;
			buildPhases = (
				20141CBF2D0F52E700D0ED5D /* Sources */,
				20141CC02D0F52E700D0ED5D /* Frameworks */,
				20141CC12D0F52E700D0ED5D /* Resources */,
			);
			buildRules = (
			);
			dependencies = (
				20141CC52D0F52E700D0ED5D /* PBXTargetDependency */,
			);
			fileSystemSynchronizedGroups = (
				20141CC62D0F52E700D0ED5D /* BabyKeyboardLockUITests */,
			);
			name = BabyKeyboardLockUITests;
			packageProductDependencies = (
			);
			productName = BabyKeyboardLockUITests;
			productReference = 20141CC32D0F52E700D0ED5D /* BabyKeyboardLockUITests Debug.xctest */;
			productType = "com.apple.product-type.bundle.ui-testing";
		};
/* End PBXNativeTarget section */

/* Begin PBXProject section */
		20141CA02D0F52E500D0ED5D /* Project object */ = {
			isa = PBXProject;
			attributes = {
				BuildIndependentTargetsInParallel = 1;
				LastSwiftUpdateCheck = 1620;
				LastUpgradeCheck = 1630;
				ORGANIZATIONNAME = "";
				TargetAttributes = {
					20141CA72D0F52E500D0ED5D = {
						CreatedOnToolsVersion = 16.2;
					};
					20141CB82D0F52E700D0ED5D = {
						CreatedOnToolsVersion = 16.2;
						TestTargetID = 20141CA72D0F52E500D0ED5D;
					};
					20141CC22D0F52E700D0ED5D = {
						CreatedOnToolsVersion = 16.2;
						TestTargetID = 20141CA72D0F52E500D0ED5D;
					};
				};
			};
			buildConfigurationList = 20141CA32D0F52E500D0ED5D /* Build configuration list for PBXProject "BabyKeyboardLock" */;
			developmentRegion = en;
			hasScannedForEncodings = 0;
			knownRegions = (
				en,
				Base,
				"zh-Hans",
				de,
			);
			mainGroup = 20141C9F2D0F52E500D0ED5D;
			minimizedProjectReferenceProxies = 1;
			packageReferences = (
				20F6F4C02D154FCE006FEC81 /* XCRemoteSwiftPackageReference "Sauce" */,
				20D3EC8C2D17EDB70096279E /* XCRemoteSwiftPackageReference "ConfettiSwiftUI" */,
			);
			preferredProjectObjectVersion = 77;
			productRefGroup = 20141CA92D0F52E500D0ED5D /* Products */;
			projectDirPath = "";
			projectRoot = "";
			targets = (
				20141CA72D0F52E500D0ED5D /* BabyKeyboardLock */,
				20141CB82D0F52E700D0ED5D /* BabyKeyboardLockTests */,
				20141CC22D0F52E700D0ED5D /* BabyKeyboardLockUITests */,
			);
		};
/* End PBXProject section */

/* Begin PBXResourcesBuildPhase section */
		20141CA62D0F52E500D0ED5D /* Resources */ = {
			isa = PBXResourcesBuildPhase;
			buildActionMask = 2147483647;
			files = (
			);
			runOnlyForDeploymentPostprocessing = 0;
		};
		20141CB72D0F52E700D0ED5D /* Resources */ = {
			isa = PBXResourcesBuildPhase;
			buildActionMask = 2147483647;
			files = (
			);
			runOnlyForDeploymentPostprocessing = 0;
		};
		20141CC12D0F52E700D0ED5D /* Resources */ = {
			isa = PBXResourcesBuildPhase;
			buildActionMask = 2147483647;
			files = (
			);
			runOnlyForDeploymentPostprocessing = 0;
		};
/* End PBXResourcesBuildPhase section */

/* Begin PBXSourcesBuildPhase section */
		20141CA42D0F52E500D0ED5D /* Sources */ = {
			isa = PBXSourcesBuildPhase;
			buildActionMask = 2147483647;
			files = (
			);
			runOnlyForDeploymentPostprocessing = 0;
		};
		20141CB52D0F52E700D0ED5D /* Sources */ = {
			isa = PBXSourcesBuildPhase;
			buildActionMask = 2147483647;
			files = (
			);
			runOnlyForDeploymentPostprocessing = 0;
		};
		20141CBF2D0F52E700D0ED5D /* Sources */ = {
			isa = PBXSourcesBuildPhase;
			buildActionMask = 2147483647;
			files = (
			);
			runOnlyForDeploymentPostprocessing = 0;
		};
/* End PBXSourcesBuildPhase section */

/* Begin PBXTargetDependency section */
		20141CBB2D0F52E700D0ED5D /* PBXTargetDependency */ = {
			isa = PBXTargetDependency;
			target = 20141CA72D0F52E500D0ED5D /* BabyKeyboardLock */;
			targetProxy = 20141CBA2D0F52E700D0ED5D /* PBXContainerItemProxy */;
		};
		20141CC52D0F52E700D0ED5D /* PBXTargetDependency */ = {
			isa = PBXTargetDependency;
			target = 20141CA72D0F52E500D0ED5D /* BabyKeyboardLock */;
			targetProxy = 20141CC42D0F52E700D0ED5D /* PBXContainerItemProxy */;
		};
/* End PBXTargetDependency section */

/* Begin XCBuildConfiguration section */
		20141CCB2D0F52E700D0ED5D /* Debug */ = {
			isa = XCBuildConfiguration;
			buildSettings = {
				ALWAYS_SEARCH_USER_PATHS = NO;
				ASSETCATALOG_COMPILER_GENERATE_SWIFT_ASSET_SYMBOL_EXTENSIONS = YES;
				CLANG_ANALYZER_LOCALIZABILITY_NONLOCALIZED = YES;
				CLANG_ANALYZER_NONNULL = YES;
				CLANG_ANALYZER_NUMBER_OBJECT_CONVERSION = YES_AGGRESSIVE;
				CLANG_CXX_LANGUAGE_STANDARD = "gnu++20";
				CLANG_ENABLE_MODULES = YES;
				CLANG_ENABLE_OBJC_ARC = YES;
				CLANG_ENABLE_OBJC_WEAK = YES;
				CLANG_WARN_BLOCK_CAPTURE_AUTORELEASING = YES;
				CLANG_WARN_BOOL_CONVERSION = YES;
				CLANG_WARN_COMMA = YES;
				CLANG_WARN_CONSTANT_CONVERSION = YES;
				CLANG_WARN_DEPRECATED_OBJC_IMPLEMENTATIONS = YES;
				CLANG_WARN_DIRECT_OBJC_ISA_USAGE = YES_ERROR;
				CLANG_WARN_DOCUMENTATION_COMMENTS = YES;
				CLANG_WARN_EMPTY_BODY = YES;
				CLANG_WARN_ENUM_CONVERSION = YES;
				CLANG_WARN_INFINITE_RECURSION = YES;
				CLANG_WARN_INT_CONVERSION = YES;
				CLANG_WARN_NON_LITERAL_NULL_CONVERSION = YES;
				CLANG_WARN_OBJC_IMPLICIT_RETAIN_SELF = YES;
				CLANG_WARN_OBJC_LITERAL_CONVERSION = YES;
				CLANG_WARN_OBJC_ROOT_CLASS = YES_ERROR;
				CLANG_WARN_QUOTED_INCLUDE_IN_FRAMEWORK_HEADER = YES;
				CLANG_WARN_RANGE_LOOP_ANALYSIS = YES;
				CLANG_WARN_STRICT_PROTOTYPES = YES;
				CLANG_WARN_SUSPICIOUS_MOVE = YES;
				CLANG_WARN_UNGUARDED_AVAILABILITY = YES_AGGRESSIVE;
				CLANG_WARN_UNREACHABLE_CODE = YES;
				CLANG_WARN__DUPLICATE_METHOD_MATCH = YES;
				COPY_PHASE_STRIP = NO;
				DEAD_CODE_STRIPPING = YES;
				DEBUG_INFORMATION_FORMAT = dwarf;
				ENABLE_APP_SANDBOX = NO;
				ENABLE_STRICT_OBJC_MSGSEND = YES;
				ENABLE_TESTABILITY = YES;
				ENABLE_USER_SCRIPT_SANDBOXING = YES;
				GCC_C_LANGUAGE_STANDARD = gnu17;
				GCC_DYNAMIC_NO_PIC = NO;
				GCC_NO_COMMON_BLOCKS = YES;
				GCC_OPTIMIZATION_LEVEL = 0;
				GCC_PREPROCESSOR_DEFINITIONS = (
					"DEBUG=1",
					"$(inherited)",
				);
				GCC_WARN_64_TO_32_BIT_CONVERSION = YES;
				GCC_WARN_ABOUT_RETURN_TYPE = YES_ERROR;
				GCC_WARN_UNDECLARED_SELECTOR = YES;
				GCC_WARN_UNINITIALIZED_AUTOS = YES_AGGRESSIVE;
				GCC_WARN_UNUSED_FUNCTION = YES;
				GCC_WARN_UNUSED_VARIABLE = YES;
				LOCALIZATION_PREFERS_STRING_CATALOGS = YES;
				MACOSX_DEPLOYMENT_TARGET = 14.6;
				MTL_ENABLE_DEBUG_INFO = INCLUDE_SOURCE;
				MTL_FAST_MATH = YES;
				ONLY_ACTIVE_ARCH = YES;
				SDKROOT = macosx;
				SWIFT_ACTIVE_COMPILATION_CONDITIONS = "DEBUG $(inherited)";
				SWIFT_EMIT_LOC_STRINGS = YES;
				SWIFT_ENABLE_OPAQUE_TYPE_ERASURE = No;
				SWIFT_OPTIMIZATION_LEVEL = "-Onone";
			};
			name = Debug;
		};
		20141CCC2D0F52E700D0ED5D /* Release */ = {
			isa = XCBuildConfiguration;
			buildSettings = {
				ALWAYS_SEARCH_USER_PATHS = NO;
				ASSETCATALOG_COMPILER_GENERATE_SWIFT_ASSET_SYMBOL_EXTENSIONS = YES;
				CLANG_ANALYZER_LOCALIZABILITY_NONLOCALIZED = YES;
				CLANG_ANALYZER_NONNULL = YES;
				CLANG_ANALYZER_NUMBER_OBJECT_CONVERSION = YES_AGGRESSIVE;
				CLANG_CXX_LANGUAGE_STANDARD = "gnu++20";
				CLANG_ENABLE_MODULES = YES;
				CLANG_ENABLE_OBJC_ARC = YES;
				CLANG_ENABLE_OBJC_WEAK = YES;
				CLANG_WARN_BLOCK_CAPTURE_AUTORELEASING = YES;
				CLANG_WARN_BOOL_CONVERSION = YES;
				CLANG_WARN_COMMA = YES;
				CLANG_WARN_CONSTANT_CONVERSION = YES;
				CLANG_WARN_DEPRECATED_OBJC_IMPLEMENTATIONS = YES;
				CLANG_WARN_DIRECT_OBJC_ISA_USAGE = YES_ERROR;
				CLANG_WARN_DOCUMENTATION_COMMENTS = YES;
				CLANG_WARN_EMPTY_BODY = YES;
				CLANG_WARN_ENUM_CONVERSION = YES;
				CLANG_WARN_INFINITE_RECURSION = YES;
				CLANG_WARN_INT_CONVERSION = YES;
				CLANG_WARN_NON_LITERAL_NULL_CONVERSION = YES;
				CLANG_WARN_OBJC_IMPLICIT_RETAIN_SELF = YES;
				CLANG_WARN_OBJC_LITERAL_CONVERSION = YES;
				CLANG_WARN_OBJC_ROOT_CLASS = YES_ERROR;
				CLANG_WARN_QUOTED_INCLUDE_IN_FRAMEWORK_HEADER = YES;
				CLANG_WARN_RANGE_LOOP_ANALYSIS = YES;
				CLANG_WARN_STRICT_PROTOTYPES = YES;
				CLANG_WARN_SUSPICIOUS_MOVE = YES;
				CLANG_WARN_UNGUARDED_AVAILABILITY = YES_AGGRESSIVE;
				CLANG_WARN_UNREACHABLE_CODE = YES;
				CLANG_WARN__DUPLICATE_METHOD_MATCH = YES;
				COPY_PHASE_STRIP = NO;
				DEAD_CODE_STRIPPING = YES;
				DEBUG_INFORMATION_FORMAT = "dwarf-with-dsym";
				ENABLE_APP_SANDBOX = NO;
				ENABLE_NS_ASSERTIONS = NO;
				ENABLE_STRICT_OBJC_MSGSEND = YES;
				ENABLE_USER_SCRIPT_SANDBOXING = YES;
				GCC_C_LANGUAGE_STANDARD = gnu17;
				GCC_NO_COMMON_BLOCKS = YES;
				GCC_WARN_64_TO_32_BIT_CONVERSION = YES;
				GCC_WARN_ABOUT_RETURN_TYPE = YES_ERROR;
				GCC_WARN_UNDECLARED_SELECTOR = YES;
				GCC_WARN_UNINITIALIZED_AUTOS = YES_AGGRESSIVE;
				GCC_WARN_UNUSED_FUNCTION = YES;
				GCC_WARN_UNUSED_VARIABLE = YES;
				LOCALIZATION_PREFERS_STRING_CATALOGS = YES;
				MACOSX_DEPLOYMENT_TARGET = 14.6;
				MTL_ENABLE_DEBUG_INFO = NO;
				MTL_FAST_MATH = YES;
				SDKROOT = macosx;
				SWIFT_COMPILATION_MODE = wholemodule;
				SWIFT_EMIT_LOC_STRINGS = YES;
				SWIFT_ENABLE_OPAQUE_TYPE_ERASURE = No;
			};
			name = Release;
		};
		20141CCE2D0F52E700D0ED5D /* Debug */ = {
			isa = XCBuildConfiguration;
			buildSettings = {
				ASSETCATALOG_COMPILER_APPICON_NAME = AppIconDebug;
				ASSETCATALOG_COMPILER_GLOBAL_ACCENT_COLOR_NAME = AccentColor;
				ASSETCATALOG_COMPILER_INCLUDE_ALL_APPICON_ASSETS = YES;
				CODE_SIGN_ENTITLEMENTS = BabyKeyboardLock/BabyKeyboardLock.entitlements;
				"CODE_SIGN_IDENTITY[sdk=macosx*]" = "Apple Development";
				CODE_SIGN_STYLE = Automatic;
				COMBINE_HIDPI_IMAGES = YES;
				CURRENT_PROJECT_VERSION = 4;
				DEAD_CODE_STRIPPING = YES;
				DEVELOPMENT_ASSET_PATHS = "\"BabyKeyboardLock/Preview Content\"";
				DEVELOPMENT_TEAM = 5XCYR4LUMD;
				ENABLE_HARDENED_RUNTIME = YES;
				ENABLE_PREVIEWS = No;
				GENERATE_INFOPLIST_FILE = YES;
				INFOPLIST_FILE = "BabyKeyboardLock-Info.plist";
				INFOPLIST_KEY_CFBundleDisplayName = "BabyKeyboard Lock (Debug)";
				INFOPLIST_KEY_LSApplicationCategoryType = "public.app-category.utilities";
				INFOPLIST_KEY_LSUIElement = YES;
				INFOPLIST_KEY_NSAppleEventsUsageDescription = "This app needs to monitor keyboard events";
				INFOPLIST_KEY_NSHumanReadableCopyright = "";
				LD_RUNPATH_SEARCH_PATHS = (
					"$(inherited)",
					"@executable_path/../Frameworks",
				);
				MACOSX_DEPLOYMENT_TARGET = 15.0;
				MARKETING_VERSION = 0.3.2;
				PRODUCT_BUNDLE_IDENTIFIER = com.fangxing.BabyKeyboardLockDebug;
				PRODUCT_NAME = "$(TARGET_NAME) Debug";
				SWIFT_EMIT_LOC_STRINGS = YES;
				SWIFT_ENABLE_OPAQUE_TYPE_ERASURE = No;
				SWIFT_UPCOMING_FEATURE_INTERNAL_IMPORTS_BY_DEFAULT = NO;
				SWIFT_VERSION = 5.0;
			};
			name = Debug;
		};
		20141CCF2D0F52E700D0ED5D /* Release */ = {
			isa = XCBuildConfiguration;
			buildSettings = {
				ASSETCATALOG_COMPILER_APPICON_NAME = AppIcon;
				ASSETCATALOG_COMPILER_GLOBAL_ACCENT_COLOR_NAME = AccentColor;
				ASSETCATALOG_COMPILER_INCLUDE_ALL_APPICON_ASSETS = YES;
				CODE_SIGN_ENTITLEMENTS = BabyKeyboardLock/BabyKeyboardLockRelease.entitlements;
				"CODE_SIGN_IDENTITY[sdk=macosx*]" = "Apple Development";
				CODE_SIGN_STYLE = Automatic;
				COMBINE_HIDPI_IMAGES = YES;
				CURRENT_PROJECT_VERSION = 4;
				DEAD_CODE_STRIPPING = YES;
				DEVELOPMENT_ASSET_PATHS = "\"BabyKeyboardLock/Preview Content\"";
				DEVELOPMENT_TEAM = 5XCYR4LUMD;
				ENABLE_HARDENED_RUNTIME = YES;
				ENABLE_PREVIEWS = No;
				GENERATE_INFOPLIST_FILE = YES;
				INFOPLIST_FILE = "BabyKeyboardLock-Info.plist";
				INFOPLIST_KEY_CFBundleDisplayName = "BabyKeyboard Lock";
				INFOPLIST_KEY_LSApplicationCategoryType = "public.app-category.utilities";
				INFOPLIST_KEY_LSUIElement = YES;
				INFOPLIST_KEY_NSAppleEventsUsageDescription = "This app needs to monitor keyboard events";
				INFOPLIST_KEY_NSHumanReadableCopyright = "";
				LD_RUNPATH_SEARCH_PATHS = (
					"$(inherited)",
					"@executable_path/../Frameworks",
				);
				MACOSX_DEPLOYMENT_TARGET = 15.0;
				MARKETING_VERSION = 0.3.2;
				PRODUCT_BUNDLE_IDENTIFIER = com.fangxing.BabyKeyboardLock;
				PRODUCT_NAME = "$(TARGET_NAME)";
				SWIFT_EMIT_LOC_STRINGS = YES;
				SWIFT_ENABLE_OPAQUE_TYPE_ERASURE = No;
				SWIFT_UPCOMING_FEATURE_INTERNAL_IMPORTS_BY_DEFAULT = NO;
				SWIFT_VERSION = 5.0;
			};
			name = Release;
		};
		20141CD12D0F52E700D0ED5D /* Debug */ = {
			isa = XCBuildConfiguration;
			buildSettings = {
				BUNDLE_LOADER = "$(TEST_HOST)";
				CODE_SIGN_STYLE = Automatic;
				CURRENT_PROJECT_VERSION = 1;
				DEAD_CODE_STRIPPING = YES;
				DEVELOPMENT_TEAM = SQ5HJJDHG9;
				GENERATE_INFOPLIST_FILE = YES;
				INFOPLIST_FILE = "BabyKeyboardLockTests-Info.plist";
				MACOSX_DEPLOYMENT_TARGET = 14.0;
				MARKETING_VERSION = 1.0;
				PRODUCT_BUNDLE_IDENTIFIER = com.fangxing.BabyKeyboardLockTests;
				PRODUCT_NAME = "$(TARGET_NAME)";
				SWIFT_EMIT_LOC_STRINGS = NO;
				SWIFT_VERSION = 5.0;
				TEST_HOST = "$(BUILT_PRODUCTS_DIR)/BabyKeyboardLock.app/$(BUNDLE_EXECUTABLE_FOLDER_PATH)/BabyKeyboardLock";
			};
			name = Debug;
		};
		20141CD22D0F52E700D0ED5D /* Release */ = {
			isa = XCBuildConfiguration;
			buildSettings = {
				BUNDLE_LOADER = "$(TEST_HOST)";
				CODE_SIGN_STYLE = Automatic;
				CURRENT_PROJECT_VERSION = 1;
				DEAD_CODE_STRIPPING = YES;
				GENERATE_INFOPLIST_FILE = YES;
				INFOPLIST_FILE = "BabyKeyboardLockTests-Info.plist";
				MACOSX_DEPLOYMENT_TARGET = 14.0;
				MARKETING_VERSION = 1.0;
				PRODUCT_BUNDLE_IDENTIFIER = com.fangxing.BabyKeyboardLockTests;
				PRODUCT_NAME = "$(TARGET_NAME)";
				SWIFT_EMIT_LOC_STRINGS = NO;
				SWIFT_VERSION = 5.0;
				TEST_HOST = "$(BUILT_PRODUCTS_DIR)/BabyKeyboardLock.app/$(BUNDLE_EXECUTABLE_FOLDER_PATH)/BabyKeyboardLock";
			};
			name = Release;
		};
		20141CD42D0F52E700D0ED5D /* Debug */ = {
			isa = XCBuildConfiguration;
			buildSettings = {
				CODE_SIGN_STYLE = Automatic;
				CURRENT_PROJECT_VERSION = 1;
				DEAD_CODE_STRIPPING = YES;
				GENERATE_INFOPLIST_FILE = YES;
				MACOSX_DEPLOYMENT_TARGET = 14.0;
				MARKETING_VERSION = 1.0;
				PRODUCT_BUNDLE_IDENTIFIER = com.fangxing.BabyKeyboardLockUITests;
				PRODUCT_NAME = "$(TARGET_NAME) Debug";
				SWIFT_EMIT_LOC_STRINGS = NO;
				SWIFT_VERSION = 5.0;
				TEST_TARGET_NAME = BabyKeyboardLock;
			};
			name = Debug;
		};
		20141CD52D0F52E700D0ED5D /* Release */ = {
			isa = XCBuildConfiguration;
			buildSettings = {
				CODE_SIGN_STYLE = Automatic;
				CURRENT_PROJECT_VERSION = 1;
				DEAD_CODE_STRIPPING = YES;
				GENERATE_INFOPLIST_FILE = YES;
				MACOSX_DEPLOYMENT_TARGET = 14.0;
				MARKETING_VERSION = 1.0;
				PRODUCT_BUNDLE_IDENTIFIER = com.fangxing.BabyKeyboardLockUITests;
				PRODUCT_NAME = "$(TARGET_NAME)";
				SWIFT_EMIT_LOC_STRINGS = NO;
				SWIFT_VERSION = 5.0;
				TEST_TARGET_NAME = BabyKeyboardLock;
			};
			name = Release;
		};
/* End XCBuildConfiguration section */

/* Begin XCConfigurationList section */
		20141CA32D0F52E500D0ED5D /* Build configuration list for PBXProject "BabyKeyboardLock" */ = {
			isa = XCConfigurationList;
			buildConfigurations = (
				20141CCB2D0F52E700D0ED5D /* Debug */,
				20141CCC2D0F52E700D0ED5D /* Release */,
			);
			defaultConfigurationIsVisible = 0;
			defaultConfigurationName = Release;
		};
		20141CCD2D0F52E700D0ED5D /* Build configuration list for PBXNativeTarget "BabyKeyboardLock" */ = {
			isa = XCConfigurationList;
			buildConfigurations = (
				20141CCE2D0F52E700D0ED5D /* Debug */,
				20141CCF2D0F52E700D0ED5D /* Release */,
			);
			defaultConfigurationIsVisible = 0;
			defaultConfigurationName = Release;
		};
		20141CD02D0F52E700D0ED5D /* Build configuration list for PBXNativeTarget "BabyKeyboardLockTests" */ = {
			isa = XCConfigurationList;
			buildConfigurations = (
				20141CD12D0F52E700D0ED5D /* Debug */,
				20141CD22D0F52E700D0ED5D /* Release */,
			);
			defaultConfigurationIsVisible = 0;
			defaultConfigurationName = Release;
		};
		20141CD32D0F52E700D0ED5D /* Build configuration list for PBXNativeTarget "BabyKeyboardLockUITests" */ = {
			isa = XCConfigurationList;
			buildConfigurations = (
				20141CD42D0F52E700D0ED5D /* Debug */,
				20141CD52D0F52E700D0ED5D /* Release */,
			);
			defaultConfigurationIsVisible = 0;
			defaultConfigurationName = Release;
		};
/* End XCConfigurationList section */

/* Begin XCRemoteSwiftPackageReference section */
		20D3EC8C2D17EDB70096279E /* XCRemoteSwiftPackageReference "ConfettiSwiftUI" */ = {
			isa = XCRemoteSwiftPackageReference;
			repositoryURL = "https://github.com/simibac/ConfettiSwiftUI.git";
			requirement = {
				kind = upToNextMajorVersion;
				minimumVersion = 1.1.0;
			};
		};
		20F6F4C02D154FCE006FEC81 /* XCRemoteSwiftPackageReference "Sauce" */ = {
			isa = XCRemoteSwiftPackageReference;
			repositoryURL = "https://github.com/Clipy/Sauce";
			requirement = {
				branch = master;
				kind = branch;
			};
		};
/* End XCRemoteSwiftPackageReference section */

/* Begin XCSwiftPackageProductDependency section */
		20D3EC8D2D17EDB70096279E /* ConfettiSwiftUI */ = {
			isa = XCSwiftPackageProductDependency;
			package = 20D3EC8C2D17EDB70096279E /* XCRemoteSwiftPackageReference "ConfettiSwiftUI" */;
			productName = ConfettiSwiftUI;
		};
		20F6F4C12D154FCE006FEC81 /* Sauce */ = {
			isa = XCSwiftPackageProductDependency;
			package = 20F6F4C02D154FCE006FEC81 /* XCRemoteSwiftPackageReference "Sauce" */;
			productName = Sauce;
		};
/* End XCSwiftPackageProductDependency section */
	};
	rootObject = 20141CA02D0F52E500D0ED5D /* Project object */;
}
